
Microsoft Visual Studio Solution File, Format Version 12.00
# Visual Studio Version 17
VisualStudioVersion = 17.12.35527.113 d17.12
MinimumVisualStudioVersion = 10.0.40219.1
Project("{FAE04EC0-301F-11D3-BF4B-00C04F79EFBC}") = "DifferentialEquationSolver", "DifferentialEquationSolver\DifferentialEquationSolver.csproj", "{A15199B5-B5DB-43BD-A2EC-42F776C1A04E}"
EndProject
Global
	GlobalSection(SolutionConfigurationPlatforms) = preSolution
		Debug|Any CPU = Debug|Any CPU
		Release|Any CPU = Release|Any CPU
	EndGlobalSection
	GlobalSection(ProjectConfigurationPlatforms) = postSolution
		{A15199B5-B5DB-43BD-A2EC-42F776C1A04E}.Debug|Any CPU.ActiveCfg = Debug|Any CPU
		{A15199B5-B5DB-43BD-A2EC-42F776C1A04E}.Debug|Any CPU.Build.0 = Debug|Any CPU
		{A15199B5-B5DB-43BD-A2EC-42F776C1A04E}.Release|Any CPU.ActiveCfg = Release|Any CPU
		{A15199B5-B5DB-43BD-A2EC-42F776C1A04E}.Release|Any CPU.Build.0 = Release|Any CPU
	EndGlobalSection
	GlobalSection(SolutionProperties) = preSolution
		HideSolutionNode = FALSE
	EndGlobalSection
	GlobalSection(ExtensibilityGlobals) = postSolution
		SolutionGuid = {E19D29C4-8466-48CD-A486-6CDF1C6CB960}
	EndGlobalSection
EndGlobal
